
Microsoft Visual Studio Solution File, Format Version 12.00
# Visual Studio 15
VisualStudioVersion = 15.0.28307.1082
MinimumVisualStudioVersion = 10.0.40219.1
Project("{FAE04EC0-301F-11D3-BF4B-00C04F79EFBC}") = "psiDeepSpeech", "psiDeepSpeech.csproj", "{55ACA9EE-FAFF-433A-8CFA-BC87C1EAE689}"
EndProject
Global
	GlobalSection(SolutionConfigurationPlatforms) = preSolution
		Debug|Any CPU = Debug|Any CPU
		Release|Any CPU = Release|Any CPU
	EndGlobalSection
	GlobalSection(ProjectConfigurationPlatforms) = postSolution
		{55ACA9EE-FAFF-433A-8CFA-BC87C1EAE689}.Debug|Any CPU.ActiveCfg = Debug|Any CPU
		{55ACA9EE-FAFF-433A-8CFA-BC87C1EAE689}.Debug|Any CPU.Build.0 = Debug|Any CPU
		{55ACA9EE-FAFF-433A-8CFA-BC87C1EAE689}.Release|Any CPU.ActiveCfg = Release|Any CPU
		{55ACA9EE-FAFF-433A-8CFA-BC87C1EAE689}.Release|Any CPU.Build.0 = Release|Any CPU
	EndGlobalSection
	GlobalSection(SolutionProperties) = preSolution
		HideSolutionNode = FALSE
	EndGlobalSection
	GlobalSection(ExtensibilityGlobals) = postSolution
		SolutionGuid = {C5853513-E080-4BB0-A1C1-0D932DD64449}
	EndGlobalSection
EndGlobal
