
Microsoft Visual Studio Solution File, Format Version 12.00
# Visual Studio Version 17
VisualStudioVersion = 17.2.32616.157
MinimumVisualStudioVersion = 10.0.40219.1
Project("{9A19103F-16F7-4668-BE54-9A1E7A4F7556}") = "psiDeepSpeech", "Recognizer\psiDeepSpeech.csproj", "{55ACA9EE-FAFF-433A-8CFA-BC87C1EAE689}"
EndProject
Project("{FAE04EC0-301F-11D3-BF4B-00C04F79EFBC}") = "PushToTalk", "PushToTalk\PushToTalk.csproj", "{29E2A588-BE56-414C-8909-844BF3B90B5E}"
EndProject
Global
	GlobalSection(SolutionConfigurationPlatforms) = preSolution
		Debug|Any CPU = Debug|Any CPU
		Release|Any CPU = Release|Any CPU
	EndGlobalSection
	GlobalSection(ProjectConfigurationPlatforms) = postSolution
		{55ACA9EE-FAFF-433A-8CFA-BC87C1EAE689}.Debug|Any CPU.ActiveCfg = Debug|Any CPU
		{55ACA9EE-FAFF-433A-8CFA-BC87C1EAE689}.Debug|Any CPU.Build.0 = Debug|Any CPU
		{55ACA9EE-FAFF-433A-8CFA-BC87C1EAE689}.Release|Any CPU.ActiveCfg = Release|Any CPU
		{55ACA9EE-FAFF-433A-8CFA-BC87C1EAE689}.Release|Any CPU.Build.0 = Release|Any CPU
		{29E2A588-BE56-414C-8909-844BF3B90B5E}.Debug|Any CPU.ActiveCfg = Debug|Any CPU
		{29E2A588-BE56-414C-8909-844BF3B90B5E}.Debug|Any CPU.Build.0 = Debug|Any CPU
		{29E2A588-BE56-414C-8909-844BF3B90B5E}.Release|Any CPU.ActiveCfg = Release|Any CPU
		{29E2A588-BE56-414C-8909-844BF3B90B5E}.Release|Any CPU.Build.0 = Release|Any CPU
	EndGlobalSection
	GlobalSection(SolutionProperties) = preSolution
		HideSolutionNode = FALSE
	EndGlobalSection
	GlobalSection(ExtensibilityGlobals) = postSolution
		SolutionGuid = {C5853513-E080-4BB0-A1C1-0D932DD64449}
	EndGlobalSection
EndGlobal
